// !$*UTF8*$!
{
	archiveVersion = 1;
	classes = {
	};
	objectVersion = 56;
	objects = {

/* Begin PBXBuildFile section */
		A306A5632961E95B00E3F574 /* AppDelegate.swift in Sources */ = {isa = PBXBuildFile; fileRef = A306A5622961E95B00E3F574 /* AppDelegate.swift */; };
		A306A5652961E95B00E3F574 /* SceneDelegate.swift in Sources */ = {isa = PBXBuildFile; fileRef = A306A5642961E95B00E3F574 /* SceneDelegate.swift */; };
		A306A56C2961E95C00E3F574 /* Assets.xcassets in Resources */ = {isa = PBXBuildFile; fileRef = A306A56B2961E95C00E3F574 /* Assets.xcassets */; };
		A306A56F2961E95C00E3F574 /* LaunchScreen.storyboard in Resources */ = {isa = PBXBuildFile; fileRef = A306A56D2961E95C00E3F574 /* LaunchScreen.storyboard */; };
		A306A5772961EC7C00E3F574 /* ReminderListCollectionViewController.swift in Sources */ = {isa = PBXBuildFile; fileRef = A306A5762961EC7C00E3F574 /* ReminderListCollectionViewController.swift */; };
		A306A57B2961F68900E3F574 /* UIViewController+Preview.swift in Sources */ = {isa = PBXBuildFile; fileRef = A306A57A2961F68900E3F574 /* UIViewController+Preview.swift */; };
		A306A57D2961F84200E3F574 /* Reminder.swift in Sources */ = {isa = PBXBuildFile; fileRef = A306A57C2961F84200E3F574 /* Reminder.swift */; };
		A3D7DB782965D5A9004F36AC /* ReminderViewController+CellConfiguration.swift in Sources */ = {isa = PBXBuildFile; fileRef = A3D7DB772965D5A9004F36AC /* ReminderViewController+CellConfiguration.swift */; };
		A3D7DB7B2965DB34004F36AC /* UIView+PinnedSubview.swift in Sources */ = {isa = PBXBuildFile; fileRef = A3D7DB7A2965DB34004F36AC /* UIView+PinnedSubview.swift */; };
		A3D7DB7D2965DFDB004F36AC /* TextFieldContentView.swift in Sources */ = {isa = PBXBuildFile; fileRef = A3D7DB7C2965DFDB004F36AC /* TextFieldContentView.swift */; };
		A3D7DB7F2965E1C6004F36AC /* Configuration+Stateless.swift in Sources */ = {isa = PBXBuildFile; fileRef = A3D7DB7E2965E1C6004F36AC /* Configuration+Stateless.swift */; };
		A3D7DB8129665C1C004F36AC /* TextViewContentView.swift in Sources */ = {isa = PBXBuildFile; fileRef = A3D7DB8029665C1C004F36AC /* TextViewContentView.swift */; };
		A3D7DB8329665D55004F36AC /* DatePickerContentView.swift in Sources */ = {isa = PBXBuildFile; fileRef = A3D7DB8229665D55004F36AC /* DatePickerContentView.swift */; };
		A3D7DB8529690A72004F36AC /* ReminderListStyle.swift in Sources */ = {isa = PBXBuildFile; fileRef = A3D7DB8429690A72004F36AC /* ReminderListStyle.swift */; };
		A3D7DB87296C6D3E004F36AC /* ProgressHeaderView.swift in Sources */ = {isa = PBXBuildFile; fileRef = A3D7DB86296C6D3E004F36AC /* ProgressHeaderView.swift */; };
		A3E1F0B72963368B000C16B6 /* Date+Today.swift in Sources */ = {isa = PBXBuildFile; fileRef = A3E1F0B62963368B000C16B6 /* Date+Today.swift */; };
		A3E1F0B92963449E000C16B6 /* ReminderListViewController+DataSource.swift in Sources */ = {isa = PBXBuildFile; fileRef = A3E1F0B82963449E000C16B6 /* ReminderListViewController+DataSource.swift */; };
		A3E1F0BB2963498E000C16B6 /* UIColor+Today.swift in Sources */ = {isa = PBXBuildFile; fileRef = A3E1F0BA2963498E000C16B6 /* UIColor+Today.swift */; };
		A3E1F0BD2963C3AE000C16B6 /* ReminderDoneButton.swift in Sources */ = {isa = PBXBuildFile; fileRef = A3E1F0BC2963C3AE000C16B6 /* ReminderDoneButton.swift */; };
		A3E1F0BF2963C49A000C16B6 /* ReminderListViewController+Actions.swift in Sources */ = {isa = PBXBuildFile; fileRef = A3E1F0BE2963C49A000C16B6 /* ReminderListViewController+Actions.swift */; };
		A3E1F0C22963CEA0000C16B6 /* ReminderViewController.swift in Sources */ = {isa = PBXBuildFile; fileRef = A3E1F0C12963CEA0000C16B6 /* ReminderViewController.swift */; };
		A3E1F0C42963D0C7000C16B6 /* ReminderViewController+Row.swift in Sources */ = {isa = PBXBuildFile; fileRef = A3E1F0C32963D0C7000C16B6 /* ReminderViewController+Row.swift */; };
		A3E1F0C62964869B000C16B6 /* ReminderViewController+Section.swift in Sources */ = {isa = PBXBuildFile; fileRef = A3E1F0C52964869B000C16B6 /* ReminderViewController+Section.swift */; };
		A3ECEE4F296DC5D1003AB1CA /* CAGradientLayer+ListStyle.swift in Sources */ = {isa = PBXBuildFile; fileRef = A3ECEE4E296DC5D1003AB1CA /* CAGradientLayer+ListStyle.swift */; };
/* End PBXBuildFile section */

/* Begin PBXFileReference section */
		A306A55F2961E95B00E3F574 /* Today.app */ = {isa = PBXFileReference; explicitFileType = wrapper.application; includeInIndex = 0; path = Today.app; sourceTree = BUILT_PRODUCTS_DIR; };
		A306A5622961E95B00E3F574 /* AppDelegate.swift */ = {isa = PBXFileReference; lastKnownFileType = sourcecode.swift; path = AppDelegate.swift; sourceTree = "<group>"; };
		A306A5642961E95B00E3F574 /* SceneDelegate.swift */ = {isa = PBXFileReference; lastKnownFileType = sourcecode.swift; path = SceneDelegate.swift; sourceTree = "<group>"; };
		A306A56B2961E95C00E3F574 /* Assets.xcassets */ = {isa = PBXFileReference; lastKnownFileType = folder.assetcatalog; path = Assets.xcassets; sourceTree = "<group>"; };
		A306A56E2961E95C00E3F574 /* Base */ = {isa = PBXFileReference; lastKnownFileType = file.storyboard; name = Base; path = Base.lproj/LaunchScreen.storyboard; sourceTree = "<group>"; };
		A306A5702961E95C00E3F574 /* Info.plist */ = {isa = PBXFileReference; lastKnownFileType = text.plist.xml; path = Info.plist; sourceTree = "<group>"; };
		A306A5762961EC7C00E3F574 /* ReminderListCollectionViewController.swift */ = {isa = PBXFileReference; lastKnownFileType = sourcecode.swift; path = ReminderListCollectionViewController.swift; sourceTree = "<group>"; };
		A306A57A2961F68900E3F574 /* UIViewController+Preview.swift */ = {isa = PBXFileReference; lastKnownFileType = sourcecode.swift; path = "UIViewController+Preview.swift"; sourceTree = "<group>"; };
		A306A57C2961F84200E3F574 /* Reminder.swift */ = {isa = PBXFileReference; lastKnownFileType = sourcecode.swift; path = Reminder.swift; sourceTree = "<group>"; };
		A3D7DB772965D5A9004F36AC /* ReminderViewController+CellConfiguration.swift */ = {isa = PBXFileReference; lastKnownFileType = sourcecode.swift; path = "ReminderViewController+CellConfiguration.swift"; sourceTree = "<group>"; };
		A3D7DB7A2965DB34004F36AC /* UIView+PinnedSubview.swift */ = {isa = PBXFileReference; lastKnownFileType = sourcecode.swift; path = "UIView+PinnedSubview.swift"; sourceTree = "<group>"; };
		A3D7DB7C2965DFDB004F36AC /* TextFieldContentView.swift */ = {isa = PBXFileReference; lastKnownFileType = sourcecode.swift; path = TextFieldContentView.swift; sourceTree = "<group>"; };
		A3D7DB7E2965E1C6004F36AC /* Configuration+Stateless.swift */ = {isa = PBXFileReference; lastKnownFileType = sourcecode.swift; path = "Configuration+Stateless.swift"; sourceTree = "<group>"; };
		A3D7DB8029665C1C004F36AC /* TextViewContentView.swift */ = {isa = PBXFileReference; lastKnownFileType = sourcecode.swift; path = TextViewContentView.swift; sourceTree = "<group>"; };
		A3D7DB8229665D55004F36AC /* DatePickerContentView.swift */ = {isa = PBXFileReference; lastKnownFileType = sourcecode.swift; path = DatePickerContentView.swift; sourceTree = "<group>"; };
		A3D7DB8429690A72004F36AC /* ReminderListStyle.swift */ = {isa = PBXFileReference; lastKnownFileType = sourcecode.swift; path = ReminderListStyle.swift; sourceTree = "<group>"; };
		A3D7DB86296C6D3E004F36AC /* ProgressHeaderView.swift */ = {isa = PBXFileReference; lastKnownFileType = sourcecode.swift; path = ProgressHeaderView.swift; sourceTree = "<group>"; };
		A3E1F0B62963368B000C16B6 /* Date+Today.swift */ = {isa = PBXFileReference; lastKnownFileType = sourcecode.swift; path = "Date+Today.swift"; sourceTree = "<group>"; };
		A3E1F0B82963449E000C16B6 /* ReminderListViewController+DataSource.swift */ = {isa = PBXFileReference; lastKnownFileType = sourcecode.swift; path = "ReminderListViewController+DataSource.swift"; sourceTree = "<group>"; };
		A3E1F0BA2963498E000C16B6 /* UIColor+Today.swift */ = {isa = PBXFileReference; fileEncoding = 4; lastKnownFileType = sourcecode.swift; path = "UIColor+Today.swift"; sourceTree = "<group>"; };
		A3E1F0BC2963C3AE000C16B6 /* ReminderDoneButton.swift */ = {isa = PBXFileReference; lastKnownFileType = sourcecode.swift; path = ReminderDoneButton.swift; sourceTree = "<group>"; };
		A3E1F0BE2963C49A000C16B6 /* ReminderListViewController+Actions.swift */ = {isa = PBXFileReference; lastKnownFileType = sourcecode.swift; path = "ReminderListViewController+Actions.swift"; sourceTree = "<group>"; };
		A3E1F0C12963CEA0000C16B6 /* ReminderViewController.swift */ = {isa = PBXFileReference; lastKnownFileType = sourcecode.swift; path = ReminderViewController.swift; sourceTree = "<group>"; };
		A3E1F0C32963D0C7000C16B6 /* ReminderViewController+Row.swift */ = {isa = PBXFileReference; lastKnownFileType = sourcecode.swift; path = "ReminderViewController+Row.swift"; sourceTree = "<group>"; };
		A3E1F0C52964869B000C16B6 /* ReminderViewController+Section.swift */ = {isa = PBXFileReference; lastKnownFileType = sourcecode.swift; path = "ReminderViewController+Section.swift"; sourceTree = "<group>"; };
		A3ECEE4E296DC5D1003AB1CA /* CAGradientLayer+ListStyle.swift */ = {isa = PBXFileReference; lastKnownFileType = sourcecode.swift; path = "CAGradientLayer+ListStyle.swift"; sourceTree = "<group>"; };
/* End PBXFileReference section */

/* Begin PBXFrameworksBuildPhase section */
		A306A55C2961E95B00E3F574 /* Frameworks */ = {
			isa = PBXFrameworksBuildPhase;
			buildActionMask = 2147483647;
			files = (
			);
			runOnlyForDeploymentPostprocessing = 0;
		};
/* End PBXFrameworksBuildPhase section */

/* Begin PBXGroup section */
		A306A5562961E95B00E3F574 = {
			isa = PBXGroup;
			children = (
				A306A5612961E95B00E3F574 /* Today */,
				A306A5602961E95B00E3F574 /* Products */,
			);
			sourceTree = "<group>";
		};
		A306A5602961E95B00E3F574 /* Products */ = {
			isa = PBXGroup;
			children = (
				A306A55F2961E95B00E3F574 /* Today.app */,
			);
			name = Products;
			sourceTree = "<group>";
		};
		A306A5612961E95B00E3F574 /* Today */ = {
			isa = PBXGroup;
			children = (
				A306A57E2961FABE00E3F574 /* Models */,
				A3D7DB792965DAF4004F36AC /* ContentViews */,
				A3E1F0C02963CE89000C16B6 /* DetailViewController */,
				A306A57F2961FAD600E3F574 /* ListViewController */,
				A306A5622961E95B00E3F574 /* AppDelegate.swift */,
				A306A5642961E95B00E3F574 /* SceneDelegate.swift */,
				A306A56B2961E95C00E3F574 /* Assets.xcassets */,
				A306A56D2961E95C00E3F574 /* LaunchScreen.storyboard */,
				A306A5702961E95C00E3F574 /* Info.plist */,
			);
			path = Today;
			sourceTree = "<group>";
		};
		A306A57E2961FABE00E3F574 /* Models */ = {
			isa = PBXGroup;
			children = (
				A3E1F0BA2963498E000C16B6 /* UIColor+Today.swift */,
				A306A57C2961F84200E3F574 /* Reminder.swift */,
				A3E1F0B62963368B000C16B6 /* Date+Today.swift */,
				A3D7DB8429690A72004F36AC /* ReminderListStyle.swift */,
				A306A57A2961F68900E3F574 /* UIViewController+Preview.swift */,
				A3ECEE4E296DC5D1003AB1CA /* CAGradientLayer+ListStyle.swift */,
			);
			path = Models;
			sourceTree = "<group>";
		};
		A306A57F2961FAD600E3F574 /* ListViewController */ = {
			isa = PBXGroup;
			children = (
				A306A5762961EC7C00E3F574 /* ReminderListCollectionViewController.swift */,
				A3E1F0B82963449E000C16B6 /* ReminderListViewController+DataSource.swift */,
				A3E1F0BE2963C49A000C16B6 /* ReminderListViewController+Actions.swift */,
				A3E1F0BC2963C3AE000C16B6 /* ReminderDoneButton.swift */,
				A3D7DB86296C6D3E004F36AC /* ProgressHeaderView.swift */,
			);
			path = ListViewController;
			sourceTree = "<group>";
		};
		A3D7DB792965DAF4004F36AC /* ContentViews */ = {
			isa = PBXGroup;
			children = (
				A3D7DB7A2965DB34004F36AC /* UIView+PinnedSubview.swift */,
				A3D7DB7C2965DFDB004F36AC /* TextFieldContentView.swift */,
				A3D7DB8029665C1C004F36AC /* TextViewContentView.swift */,
				A3D7DB8229665D55004F36AC /* DatePickerContentView.swift */,
				A3D7DB7E2965E1C6004F36AC /* Configuration+Stateless.swift */,
			);
			path = ContentViews;
			sourceTree = "<group>";
		};
		A3E1F0C02963CE89000C16B6 /* DetailViewController */ = {
			isa = PBXGroup;
			children = (
				A3E1F0C12963CEA0000C16B6 /* ReminderViewController.swift */,
				A3E1F0C32963D0C7000C16B6 /* ReminderViewController+Row.swift */,
				A3E1F0C52964869B000C16B6 /* ReminderViewController+Section.swift */,
				A3D7DB772965D5A9004F36AC /* ReminderViewController+CellConfiguration.swift */,
			);
			path = DetailViewController;
			sourceTree = "<group>";
		};
/* End PBXGroup section */

/* Begin PBXNativeTarget section */
		A306A55E2961E95B00E3F574 /* Today */ = {
			isa = PBXNativeTarget;
			buildConfigurationList = A306A5732961E95C00E3F574 /* Build configuration list for PBXNativeTarget "Today" */;
			buildPhases = (
				A306A55B2961E95B00E3F574 /* Sources */,
				A306A55C2961E95B00E3F574 /* Frameworks */,
				A306A55D2961E95B00E3F574 /* Resources */,
			);
			buildRules = (
			);
			dependencies = (
			);
			name = Today;
			productName = Today;
			productReference = A306A55F2961E95B00E3F574 /* Today.app */;
			productType = "com.apple.product-type.application";
		};
/* End PBXNativeTarget section */

/* Begin PBXProject section */
		A306A5572961E95B00E3F574 /* Project object */ = {
			isa = PBXProject;
			attributes = {
				BuildIndependentTargetsInParallel = 1;
				LastSwiftUpdateCheck = 1420;
				LastUpgradeCheck = 1420;
				TargetAttributes = {
					A306A55E2961E95B00E3F574 = {
						CreatedOnToolsVersion = 14.2;
					};
				};
			};
			buildConfigurationList = A306A55A2961E95B00E3F574 /* Build configuration list for PBXProject "Today" */;
			compatibilityVersion = "Xcode 14.0";
			developmentRegion = en;
			hasScannedForEncodings = 0;
			knownRegions = (
				en,
				Base,
			);
			mainGroup = A306A5562961E95B00E3F574;
			productRefGroup = A306A5602961E95B00E3F574 /* Products */;
			projectDirPath = "";
			projectRoot = "";
			targets = (
				A306A55E2961E95B00E3F574 /* Today */,
			);
		};
/* End PBXProject section */

/* Begin PBXResourcesBuildPhase section */
		A306A55D2961E95B00E3F574 /* Resources */ = {
			isa = PBXResourcesBuildPhase;
			buildActionMask = 2147483647;
			files = (
				A306A56F2961E95C00E3F574 /* LaunchScreen.storyboard in Resources */,
				A306A56C2961E95C00E3F574 /* Assets.xcassets in Resources */,
			);
			runOnlyForDeploymentPostprocessing = 0;
		};
/* End PBXResourcesBuildPhase section */

/* Begin PBXSourcesBuildPhase section */
		A306A55B2961E95B00E3F574 /* Sources */ = {
			isa = PBXSourcesBuildPhase;
			buildActionMask = 2147483647;
			files = (
				A306A5632961E95B00E3F574 /* AppDelegate.swift in Sources */,
				A3D7DB87296C6D3E004F36AC /* ProgressHeaderView.swift in Sources */,
				A306A57B2961F68900E3F574 /* UIViewController+Preview.swift in Sources */,
				A3E1F0C42963D0C7000C16B6 /* ReminderViewController+Row.swift in Sources */,
				A3E1F0BF2963C49A000C16B6 /* ReminderListViewController+Actions.swift in Sources */,
				A3D7DB7D2965DFDB004F36AC /* TextFieldContentView.swift in Sources */,
				A3D7DB8529690A72004F36AC /* ReminderListStyle.swift in Sources */,
				A3E1F0C62964869B000C16B6 /* ReminderViewController+Section.swift in Sources */,
				A3D7DB8129665C1C004F36AC /* TextViewContentView.swift in Sources */,
				A306A5772961EC7C00E3F574 /* ReminderListCollectionViewController.swift in Sources */,
				A3E1F0BD2963C3AE000C16B6 /* ReminderDoneButton.swift in Sources */,
				A3D7DB782965D5A9004F36AC /* ReminderViewController+CellConfiguration.swift in Sources */,
				A3E1F0B72963368B000C16B6 /* Date+Today.swift in Sources */,
				A3ECEE4F296DC5D1003AB1CA /* CAGradientLayer+ListStyle.swift in Sources */,
				A3D7DB7B2965DB34004F36AC /* UIView+PinnedSubview.swift in Sources */,
				A3D7DB7F2965E1C6004F36AC /* Configuration+Stateless.swift in Sources */,
				A3E1F0B92963449E000C16B6 /* ReminderListViewController+DataSource.swift in Sources */,
				A306A5652961E95B00E3F574 /* SceneDelegate.swift in Sources */,
				A3E1F0C22963CEA0000C16B6 /* ReminderViewController.swift in Sources */,
				A306A57D2961F84200E3F574 /* Reminder.swift in Sources */,
				A3D7DB8329665D55004F36AC /* DatePickerContentView.swift in Sources */,
				A3E1F0BB2963498E000C16B6 /* UIColor+Today.swift in Sources */,
			);
			runOnlyForDeploymentPostprocessing = 0;
		};
/* End PBXSourcesBuildPhase section */

/* Begin PBXVariantGroup section */
		A306A56D2961E95C00E3F574 /* LaunchScreen.storyboard */ = {
			isa = PBXVariantGroup;
			children = (
				A306A56E2961E95C00E3F574 /* Base */,
			);
			name = LaunchScreen.storyboard;
			sourceTree = "<group>";
		};
/* End PBXVariantGroup section */

/* Begin XCBuildConfiguration section */
		A306A5712961E95C00E3F574 /* Debug */ = {
			isa = XCBuildConfiguration;
			buildSettings = {
				ALWAYS_SEARCH_USER_PATHS = NO;
				CLANG_ANALYZER_NONNULL = YES;
				CLANG_ANALYZER_NUMBER_OBJECT_CONVERSION = YES_AGGRESSIVE;
				CLANG_CXX_LANGUAGE_STANDARD = "gnu++20";
				CLANG_ENABLE_MODULES = YES;
				CLANG_ENABLE_OBJC_ARC = YES;
				CLANG_ENABLE_OBJC_WEAK = YES;
				CLANG_WARN_BLOCK_CAPTURE_AUTORELEASING = YES;
				CLANG_WARN_BOOL_CONVERSION = YES;
				CLANG_WARN_COMMA = YES;
				CLANG_WARN_CONSTANT_CONVERSION = YES;
				CLANG_WARN_DEPRECATED_OBJC_IMPLEMENTATIONS = YES;
				CLANG_WARN_DIRECT_OBJC_ISA_USAGE = YES_ERROR;
				CLANG_WARN_DOCUMENTATION_COMMENTS = YES;
				CLANG_WARN_EMPTY_BODY = YES;
				CLANG_WARN_ENUM_CONVERSION = YES;
				CLANG_WARN_INFINITE_RECURSION = YES;
				CLANG_WARN_INT_CONVERSION = YES;
				CLANG_WARN_NON_LITERAL_NULL_CONVERSION = YES;
				CLANG_WARN_OBJC_IMPLICIT_RETAIN_SELF = YES;
				CLANG_WARN_OBJC_LITERAL_CONVERSION = YES;
				CLANG_WARN_OBJC_ROOT_CLASS = YES_ERROR;
				CLANG_WARN_QUOTED_INCLUDE_IN_FRAMEWORK_HEADER = YES;
				CLANG_WARN_RANGE_LOOP_ANALYSIS = YES;
				CLANG_WARN_STRICT_PROTOTYPES = YES;
				CLANG_WARN_SUSPICIOUS_MOVE = YES;
				CLANG_WARN_UNGUARDED_AVAILABILITY = YES_AGGRESSIVE;
				CLANG_WARN_UNREACHABLE_CODE = YES;
				CLANG_WARN__DUPLICATE_METHOD_MATCH = YES;
				COPY_PHASE_STRIP = NO;
				DEBUG_INFORMATION_FORMAT = dwarf;
				ENABLE_STRICT_OBJC_MSGSEND = YES;
				ENABLE_TESTABILITY = YES;
				GCC_C_LANGUAGE_STANDARD = gnu11;
				GCC_DYNAMIC_NO_PIC = NO;
				GCC_NO_COMMON_BLOCKS = YES;
				GCC_OPTIMIZATION_LEVEL = 0;
				GCC_PREPROCESSOR_DEFINITIONS = (
					"DEBUG=1",
					"$(inherited)",
				);
				GCC_WARN_64_TO_32_BIT_CONVERSION = YES;
				GCC_WARN_ABOUT_RETURN_TYPE = YES_ERROR;
				GCC_WARN_UNDECLARED_SELECTOR = YES;
				GCC_WARN_UNINITIALIZED_AUTOS = YES_AGGRESSIVE;
				GCC_WARN_UNUSED_FUNCTION = YES;
				GCC_WARN_UNUSED_VARIABLE = YES;
				IPHONEOS_DEPLOYMENT_TARGET = 16.2;
				MTL_ENABLE_DEBUG_INFO = INCLUDE_SOURCE;
				MTL_FAST_MATH = YES;
				ONLY_ACTIVE_ARCH = YES;
				SDKROOT = iphoneos;
				SWIFT_ACTIVE_COMPILATION_CONDITIONS = DEBUG;
				SWIFT_OPTIMIZATION_LEVEL = "-Onone";
			};
			name = Debug;
		};
		A306A5722961E95C00E3F574 /* Release */ = {
			isa = XCBuildConfiguration;
			buildSettings = {
				ALWAYS_SEARCH_USER_PATHS = NO;
				CLANG_ANALYZER_NONNULL = YES;
				CLANG_ANALYZER_NUMBER_OBJECT_CONVERSION = YES_AGGRESSIVE;
				CLANG_CXX_LANGUAGE_STANDARD = "gnu++20";
				CLANG_ENABLE_MODULES = YES;
				CLANG_ENABLE_OBJC_ARC = YES;
				CLANG_ENABLE_OBJC_WEAK = YES;
				CLANG_WARN_BLOCK_CAPTURE_AUTORELEASING = YES;
				CLANG_WARN_BOOL_CONVERSION = YES;
				CLANG_WARN_COMMA = YES;
				CLANG_WARN_CONSTANT_CONVERSION = YES;
				CLANG_WARN_DEPRECATED_OBJC_IMPLEMENTATIONS = YES;
				CLANG_WARN_DIRECT_OBJC_ISA_USAGE = YES_ERROR;
				CLANG_WARN_DOCUMENTATION_COMMENTS = YES;
				CLANG_WARN_EMPTY_BODY = YES;
				CLANG_WARN_ENUM_CONVERSION = YES;
				CLANG_WARN_INFINITE_RECURSION = YES;
				CLANG_WARN_INT_CONVERSION = YES;
				CLANG_WARN_NON_LITERAL_NULL_CONVERSION = YES;
				CLANG_WARN_OBJC_IMPLICIT_RETAIN_SELF = YES;
				CLANG_WARN_OBJC_LITERAL_CONVERSION = YES;
				CLANG_WARN_OBJC_ROOT_CLASS = YES_ERROR;
				CLANG_WARN_QUOTED_INCLUDE_IN_FRAMEWORK_HEADER = YES;
				CLANG_WARN_RANGE_LOOP_ANALYSIS = YES;
				CLANG_WARN_STRICT_PROTOTYPES = YES;
				CLANG_WARN_SUSPICIOUS_MOVE = YES;
				CLANG_WARN_UNGUARDED_AVAILABILITY = YES_AGGRESSIVE;
				CLANG_WARN_UNREACHABLE_CODE = YES;
				CLANG_WARN__DUPLICATE_METHOD_MATCH = YES;
				COPY_PHASE_STRIP = NO;
				DEBUG_INFORMATION_FORMAT = "dwarf-with-dsym";
				ENABLE_NS_ASSERTIONS = NO;
				ENABLE_STRICT_OBJC_MSGSEND = YES;
				GCC_C_LANGUAGE_STANDARD = gnu11;
				GCC_NO_COMMON_BLOCKS = YES;
				GCC_WARN_64_TO_32_BIT_CONVERSION = YES;
				GCC_WARN_ABOUT_RETURN_TYPE = YES_ERROR;
				GCC_WARN_UNDECLARED_SELECTOR = YES;
				GCC_WARN_UNINITIALIZED_AUTOS = YES_AGGRESSIVE;
				GCC_WARN_UNUSED_FUNCTION = YES;
				GCC_WARN_UNUSED_VARIABLE = YES;
				IPHONEOS_DEPLOYMENT_TARGET = 16.2;
				MTL_ENABLE_DEBUG_INFO = NO;
				MTL_FAST_MATH = YES;
				SDKROOT = iphoneos;
				SWIFT_COMPILATION_MODE = wholemodule;
				SWIFT_OPTIMIZATION_LEVEL = "-O";
				VALIDATE_PRODUCT = YES;
			};
			name = Release;
		};
		A306A5742961E95C00E3F574 /* Debug */ = {
			isa = XCBuildConfiguration;
			buildSettings = {
				ASSETCATALOG_COMPILER_APPICON_NAME = AppIcon;
				ASSETCATALOG_COMPILER_GLOBAL_ACCENT_COLOR_NAME = AccentColor;
				CODE_SIGN_STYLE = Automatic;
				CURRENT_PROJECT_VERSION = 1;
				DEVELOPMENT_TEAM = XA84Z9Z2T7;
				GENERATE_INFOPLIST_FILE = YES;
				INFOPLIST_FILE = Today/Info.plist;
				INFOPLIST_KEY_UIApplicationSupportsIndirectInputEvents = YES;
				INFOPLIST_KEY_UILaunchStoryboardName = LaunchScreen;
				INFOPLIST_KEY_UISupportedInterfaceOrientations_iPad = "UIInterfaceOrientationPortrait UIInterfaceOrientationPortraitUpsideDown UIInterfaceOrientationLandscapeLeft UIInterfaceOrientationLandscapeRight";
				INFOPLIST_KEY_UISupportedInterfaceOrientations_iPhone = "UIInterfaceOrientationPortrait UIInterfaceOrientationLandscapeLeft UIInterfaceOrientationLandscapeRight";
				LD_RUNPATH_SEARCH_PATHS = (
					"$(inherited)",
					"@executable_path/Frameworks",
				);
				MARKETING_VERSION = 1.0;
				PRODUCT_BUNDLE_IDENTIFIER = com.bijansoft.Today;
				PRODUCT_NAME = "$(TARGET_NAME)";
				SWIFT_EMIT_LOC_STRINGS = YES;
				SWIFT_VERSION = 5.0;
				TARGETED_DEVICE_FAMILY = "1,2";
			};
			name = Debug;
		};
		A306A5752961E95C00E3F574 /* Release */ = {
			isa = XCBuildConfiguration;
			buildSettings = {
				ASSETCATALOG_COMPILER_APPICON_NAME = AppIcon;
				ASSETCATALOG_COMPILER_GLOBAL_ACCENT_COLOR_NAME = AccentColor;
				CODE_SIGN_STYLE = Automatic;
				CURRENT_PROJECT_VERSION = 1;
				DEVELOPMENT_TEAM = XA84Z9Z2T7;
				GENERATE_INFOPLIST_FILE = YES;
				INFOPLIST_FILE = Today/Info.plist;
				INFOPLIST_KEY_UIApplicationSupportsIndirectInputEvents = YES;
				INFOPLIST_KEY_UILaunchStoryboardName = LaunchScreen;
				INFOPLIST_KEY_UISupportedInterfaceOrientations_iPad = "UIInterfaceOrientationPortrait UIInterfaceOrientationPortraitUpsideDown UIInterfaceOrientationLandscapeLeft UIInterfaceOrientationLandscapeRight";
				INFOPLIST_KEY_UISupportedInterfaceOrientations_iPhone = "UIInterfaceOrientationPortrait UIInterfaceOrientationLandscapeLeft UIInterfaceOrientationLandscapeRight";
				LD_RUNPATH_SEARCH_PATHS = (
					"$(inherited)",
					"@executable_path/Frameworks",
				);
				MARKETING_VERSION = 1.0;
				PRODUCT_BUNDLE_IDENTIFIER = com.bijansoft.Today;
				PRODUCT_NAME = "$(TARGET_NAME)";
				SWIFT_EMIT_LOC_STRINGS = YES;
				SWIFT_VERSION = 5.0;
				TARGETED_DEVICE_FAMILY = "1,2";
			};
			name = Release;
		};
/* End XCBuildConfiguration section */

/* Begin XCConfigurationList section */
		A306A55A2961E95B00E3F574 /* Build configuration list for PBXProject "Today" */ = {
			isa = XCConfigurationList;
			buildConfigurations = (
				A306A5712961E95C00E3F574 /* Debug */,
				A306A5722961E95C00E3F574 /* Release */,
			);
			defaultConfigurationIsVisible = 0;
			defaultConfigurationName = Release;
		};
		A306A5732961E95C00E3F574 /* Build configuration list for PBXNativeTarget "Today" */ = {
			isa = XCConfigurationList;
			buildConfigurations = (
				A306A5742961E95C00E3F574 /* Debug */,
				A306A5752961E95C00E3F574 /* Release */,
			);
			defaultConfigurationIsVisible = 0;
			defaultConfigurationName = Release;
		};
/* End XCConfigurationList section */
	};
	rootObject = A306A5572961E95B00E3F574 /* Project object */;
}
